// !$*UTF8*$!
{
	archiveVersion = 1;
	classes = {
	};
	objectVersion = 77;
	objects = {

/* Begin PBXBuildFile section */
		C48EDC3F2EEA3563008DC7F6 /* ParticleEditorApp.swift in Sources */ = {isa = PBXBuildFile; fileRef = C48EDC3E2EEA3563008DC7F6 /* ParticleEditorApp.swift */; };
		C48EDC412EEA3563008DC7F6 /* ContentView.swift in Sources */ = {isa = PBXBuildFile; fileRef = C48EDC402EEA3563008DC7F6 /* ContentView.swift */; };
		C48EDC6E2EEA36A8008DC7F6 /* ParticleShaders.metal in Sources */ = {isa = PBXBuildFile; fileRef = C48EDC6D2EEA36A8008DC7F6 /* ParticleShaders.metal */; };
		C48EDC742EEA3744008DC7F6 /* Particle.swift in Sources */ = {isa = PBXBuildFile; fileRef = C48EDC732EEA3744008DC7F6 /* Particle.swift */; };
		C48EDC762EEA379E008DC7F6 /* Emitter.swift in Sources */ = {isa = PBXBuildFile; fileRef = C48EDC752EEA379E008DC7F6 /* Emitter.swift */; };
		C48EDC782EEA37B0008DC7F6 /* ParticleController.swift in Sources */ = {isa = PBXBuildFile; fileRef = C48EDC772EEA37AF008DC7F6 /* ParticleController.swift */; };
		C48EDC7A2EEA37B8008DC7F6 /* ParticleSystem.swift in Sources */ = {isa = PBXBuildFile; fileRef = C48EDC792EEA37B8008DC7F6 /* ParticleSystem.swift */; };
		C48EDC7C2EEA4036008DC7F6 /* MetalView.swift in Sources */ = {isa = PBXBuildFile; fileRef = C48EDC7B2EEA4036008DC7F6 /* MetalView.swift */; };
		C48EDC7E2EEB4116008DC7F6 /* Renderer.swift in Sources */ = {isa = PBXBuildFile; fileRef = C48EDC7D2EEB4116008DC7F6 /* Renderer.swift */; };
/* End PBXBuildFile section */

/* Begin PBXContainerItemProxy section */
		C48EDC492EEA3564008DC7F6 /* PBXContainerItemProxy */ = {
			isa = PBXContainerItemProxy;
			containerPortal = C48EDC332EEA3563008DC7F6 /* Project object */;
			proxyType = 1;
			remoteGlobalIDString = C48EDC3A2EEA3563008DC7F6;
			remoteInfo = ParticleEditor;
		};
		C48EDC532EEA3564008DC7F6 /* PBXContainerItemProxy */ = {
			isa = PBXContainerItemProxy;
			containerPortal = C48EDC332EEA3563008DC7F6 /* Project object */;
			proxyType = 1;
			remoteGlobalIDString = C48EDC3A2EEA3563008DC7F6;
			remoteInfo = ParticleEditor;
		};
/* End PBXContainerItemProxy section */

/* Begin PBXFileReference section */
		C48EDC3B2EEA3563008DC7F6 /* ParticleEditor.app */ = {isa = PBXFileReference; explicitFileType = wrapper.application; includeInIndex = 0; path = ParticleEditor.app; sourceTree = BUILT_PRODUCTS_DIR; };
		C48EDC3E2EEA3563008DC7F6 /* ParticleEditorApp.swift */ = {isa = PBXFileReference; lastKnownFileType = sourcecode.swift; path = ParticleEditorApp.swift; sourceTree = "<group>"; };
		C48EDC402EEA3563008DC7F6 /* ContentView.swift */ = {isa = PBXFileReference; lastKnownFileType = sourcecode.swift; path = ContentView.swift; sourceTree = "<group>"; };
		C48EDC482EEA3564008DC7F6 /* ParticleEditorTests.xctest */ = {isa = PBXFileReference; explicitFileType = wrapper.cfbundle; includeInIndex = 0; path = ParticleEditorTests.xctest; sourceTree = BUILT_PRODUCTS_DIR; };
		C48EDC522EEA3564008DC7F6 /* ParticleEditorUITests.xctest */ = {isa = PBXFileReference; explicitFileType = wrapper.cfbundle; includeInIndex = 0; path = ParticleEditorUITests.xctest; sourceTree = BUILT_PRODUCTS_DIR; };
		C48EDC6D2EEA36A8008DC7F6 /* ParticleShaders.metal */ = {isa = PBXFileReference; lastKnownFileType = sourcecode.metal; path = ParticleShaders.metal; sourceTree = "<group>"; };
		C48EDC732EEA3744008DC7F6 /* Particle.swift */ = {isa = PBXFileReference; lastKnownFileType = sourcecode.swift; path = Particle.swift; sourceTree = "<group>"; };
		C48EDC752EEA379E008DC7F6 /* Emitter.swift */ = {isa = PBXFileReference; lastKnownFileType = sourcecode.swift; path = Emitter.swift; sourceTree = "<group>"; };
		C48EDC772EEA37AF008DC7F6 /* ParticleController.swift */ = {isa = PBXFileReference; lastKnownFileType = sourcecode.swift; path = ParticleController.swift; sourceTree = "<group>"; };
		C48EDC792EEA37B8008DC7F6 /* ParticleSystem.swift */ = {isa = PBXFileReference; lastKnownFileType = sourcecode.swift; path = ParticleSystem.swift; sourceTree = "<group>"; };
		C48EDC7B2EEA4036008DC7F6 /* MetalView.swift */ = {isa = PBXFileReference; lastKnownFileType = sourcecode.swift; path = MetalView.swift; sourceTree = "<group>"; };
		C48EDC7D2EEB4116008DC7F6 /* Renderer.swift */ = {isa = PBXFileReference; lastKnownFileType = sourcecode.swift; path = Renderer.swift; sourceTree = "<group>"; };
/* End PBXFileReference section */

/* Begin PBXFileSystemSynchronizedRootGroup section */
		C48EDC3D2EEA3563008DC7F6 /* ParticleEditor */ = {
			isa = PBXFileSystemSynchronizedRootGroup;
			path = ParticleEditor;
			sourceTree = "<group>";
		};
		C48EDC4B2EEA3564008DC7F6 /* ParticleEditorTests */ = {
			isa = PBXFileSystemSynchronizedRootGroup;
			path = ParticleEditorTests;
			sourceTree = "<group>";
		};
		C48EDC552EEA3564008DC7F6 /* ParticleEditorUITests */ = {
			isa = PBXFileSystemSynchronizedRootGroup;
			path = ParticleEditorUITests;
			sourceTree = "<group>";
		};
/* End PBXFileSystemSynchronizedRootGroup section */

/* Begin PBXFrameworksBuildPhase section */
		C48EDC382EEA3563008DC7F6 /* Frameworks */ = {
			isa = PBXFrameworksBuildPhase;
			buildActionMask = 2147483647;
			files = (
			);
			runOnlyForDeploymentPostprocessing = 0;
		};
		C48EDC452EEA3564008DC7F6 /* Frameworks */ = {
			isa = PBXFrameworksBuildPhase;
			buildActionMask = 2147483647;
			files = (
			);
			runOnlyForDeploymentPostprocessing = 0;
		};
		C48EDC4F2EEA3564008DC7F6 /* Frameworks */ = {
			isa = PBXFrameworksBuildPhase;
			buildActionMask = 2147483647;
			files = (
			);
			runOnlyForDeploymentPostprocessing = 0;
		};
/* End PBXFrameworksBuildPhase section */

/* Begin PBXGroup section */
		C48EDC322EEA3563008DC7F6 = {
			isa = PBXGroup;
			children = (
				C48EDC6B2EEA35F1008DC7F6 /* Shaders */,
				C48EDC652EEA35B5008DC7F6 /* Shared */,
				C48EDC3D2EEA3563008DC7F6 /* ParticleEditor */,
				C48EDC4B2EEA3564008DC7F6 /* ParticleEditorTests */,
				C48EDC552EEA3564008DC7F6 /* ParticleEditorUITests */,
				C48EDC3C2EEA3563008DC7F6 /* Products */,
			);
			sourceTree = "<group>";
		};
		C48EDC3C2EEA3563008DC7F6 /* Products */ = {
			isa = PBXGroup;
			children = (
				C48EDC3B2EEA3563008DC7F6 /* ParticleEditor.app */,
				C48EDC482EEA3564008DC7F6 /* ParticleEditorTests.xctest */,
				C48EDC522EEA3564008DC7F6 /* ParticleEditorUITests.xctest */,
			);
			name = Products;
			sourceTree = "<group>";
		};
		C48EDC652EEA35B5008DC7F6 /* Shared */ = {
			isa = PBXGroup;
			children = (
				C48EDC682EEA35CB008DC7F6 /* Engine */,
				C48EDC672EEA35C4008DC7F6 /* Rendering */,
				C48EDC662EEA35BE008DC7F6 /* App */,
			);
			path = Shared;
			sourceTree = "<group>";
		};
		C48EDC662EEA35BE008DC7F6 /* App */ = {
			isa = PBXGroup;
			children = (
				C48EDC402EEA3563008DC7F6 /* ContentView.swift */,
				C48EDC3E2EEA3563008DC7F6 /* ParticleEditorApp.swift */,
				C48EDC7B2EEA4036008DC7F6 /* MetalView.swift */,
			);
			path = App;
			sourceTree = "<group>";
		};
		C48EDC672EEA35C4008DC7F6 /* Rendering */ = {
			isa = PBXGroup;
			children = (
				C48EDC7D2EEB4116008DC7F6 /* Renderer.swift */,
			);
			path = Rendering;
			sourceTree = "<group>";
		};
		C48EDC682EEA35CB008DC7F6 /* Engine */ = {
			isa = PBXGroup;
			children = (
				C48EDC732EEA3744008DC7F6 /* Particle.swift */,
				C48EDC752EEA379E008DC7F6 /* Emitter.swift */,
				C48EDC772EEA37AF008DC7F6 /* ParticleController.swift */,
				C48EDC792EEA37B8008DC7F6 /* ParticleSystem.swift */,
			);
			path = Engine;
			sourceTree = "<group>";
		};
		C48EDC6B2EEA35F1008DC7F6 /* Shaders */ = {
			isa = PBXGroup;
			children = (
				C48EDC6D2EEA36A8008DC7F6 /* ParticleShaders.metal */,
			);
			path = Shaders;
			sourceTree = "<group>";
		};
/* End PBXGroup section */

/* Begin PBXNativeTarget section */
		C48EDC3A2EEA3563008DC7F6 /* ParticleEditor */ = {
			isa = PBXNativeTarget;
			buildConfigurationList = C48EDC5C2EEA3564008DC7F6 /* Build configuration list for PBXNativeTarget "ParticleEditor" */;
			buildPhases = (
				C48EDC372EEA3563008DC7F6 /* Sources */,
				C48EDC382EEA3563008DC7F6 /* Frameworks */,
				C48EDC392EEA3563008DC7F6 /* Resources */,
			);
			buildRules = (
			);
			dependencies = (
			);
			fileSystemSynchronizedGroups = (
				C48EDC3D2EEA3563008DC7F6 /* ParticleEditor */,
			);
			name = ParticleEditor;
			packageProductDependencies = (
			);
			productName = ParticleEditor;
			productReference = C48EDC3B2EEA3563008DC7F6 /* ParticleEditor.app */;
			productType = "com.apple.product-type.application";
		};
		C48EDC472EEA3564008DC7F6 /* ParticleEditorTests */ = {
			isa = PBXNativeTarget;
			buildConfigurationList = C48EDC5F2EEA3564008DC7F6 /* Build configuration list for PBXNativeTarget "ParticleEditorTests" */;
			buildPhases = (
				C48EDC442EEA3564008DC7F6 /* Sources */,
				C48EDC452EEA3564008DC7F6 /* Frameworks */,
				C48EDC462EEA3564008DC7F6 /* Resources */,
			);
			buildRules = (
			);
			dependencies = (
				C48EDC4A2EEA3564008DC7F6 /* PBXTargetDependency */,
			);
			fileSystemSynchronizedGroups = (
				C48EDC4B2EEA3564008DC7F6 /* ParticleEditorTests */,
			);
			name = ParticleEditorTests;
			packageProductDependencies = (
			);
			productName = ParticleEditorTests;
			productReference = C48EDC482EEA3564008DC7F6 /* ParticleEditorTests.xctest */;
			productType = "com.apple.product-type.bundle.unit-test";
		};
		C48EDC512EEA3564008DC7F6 /* ParticleEditorUITests */ = {
			isa = PBXNativeTarget;
			buildConfigurationList = C48EDC622EEA3564008DC7F6 /* Build configuration list for PBXNativeTarget "ParticleEditorUITests" */;
			buildPhases = (
				C48EDC4E2EEA3564008DC7F6 /* Sources */,
				C48EDC4F2EEA3564008DC7F6 /* Frameworks */,
				C48EDC502EEA3564008DC7F6 /* Resources */,
			);
			buildRules = (
			);
			dependencies = (
				C48EDC542EEA3564008DC7F6 /* PBXTargetDependency */,
			);
			fileSystemSynchronizedGroups = (
				C48EDC552EEA3564008DC7F6 /* ParticleEditorUITests */,
			);
			name = ParticleEditorUITests;
			packageProductDependencies = (
			);
			productName = ParticleEditorUITests;
			productReference = C48EDC522EEA3564008DC7F6 /* ParticleEditorUITests.xctest */;
			productType = "com.apple.product-type.bundle.ui-testing";
		};
/* End PBXNativeTarget section */

/* Begin PBXProject section */
		C48EDC332EEA3563008DC7F6 /* Project object */ = {
			isa = PBXProject;
			attributes = {
				BuildIndependentTargetsInParallel = 1;
				LastSwiftUpdateCheck = 2610;
				LastUpgradeCheck = 2610;
				TargetAttributes = {
					C48EDC3A2EEA3563008DC7F6 = {
						CreatedOnToolsVersion = 26.1.1;
					};
					C48EDC472EEA3564008DC7F6 = {
						CreatedOnToolsVersion = 26.1.1;
						TestTargetID = C48EDC3A2EEA3563008DC7F6;
					};
					C48EDC512EEA3564008DC7F6 = {
						CreatedOnToolsVersion = 26.1.1;
						TestTargetID = C48EDC3A2EEA3563008DC7F6;
					};
				};
			};
			buildConfigurationList = C48EDC362EEA3563008DC7F6 /* Build configuration list for PBXProject "ParticleEditor" */;
			developmentRegion = en;
			hasScannedForEncodings = 0;
			knownRegions = (
				en,
				Base,
			);
			mainGroup = C48EDC322EEA3563008DC7F6;
			minimizedProjectReferenceProxies = 1;
			preferredProjectObjectVersion = 77;
			productRefGroup = C48EDC3C2EEA3563008DC7F6 /* Products */;
			projectDirPath = "";
			projectRoot = "";
			targets = (
				C48EDC3A2EEA3563008DC7F6 /* ParticleEditor */,
				C48EDC472EEA3564008DC7F6 /* ParticleEditorTests */,
				C48EDC512EEA3564008DC7F6 /* ParticleEditorUITests */,
			);
		};
/* End PBXProject section */

/* Begin PBXResourcesBuildPhase section */
		C48EDC392EEA3563008DC7F6 /* Resources */ = {
			isa = PBXResourcesBuildPhase;
			buildActionMask = 2147483647;
			files = (
			);
			runOnlyForDeploymentPostprocessing = 0;
		};
		C48EDC462EEA3564008DC7F6 /* Resources */ = {
			isa = PBXResourcesBuildPhase;
			buildActionMask = 2147483647;
			files = (
			);
			runOnlyForDeploymentPostprocessing = 0;
		};
		C48EDC502EEA3564008DC7F6 /* Resources */ = {
			isa = PBXResourcesBuildPhase;
			buildActionMask = 2147483647;
			files = (
			);
			runOnlyForDeploymentPostprocessing = 0;
		};
/* End PBXResourcesBuildPhase section */

/* Begin PBXSourcesBuildPhase section */
		C48EDC372EEA3563008DC7F6 /* Sources */ = {
			isa = PBXSourcesBuildPhase;
			buildActionMask = 2147483647;
			files = (
				C48EDC412EEA3563008DC7F6 /* ContentView.swift in Sources */,
				C48EDC762EEA379E008DC7F6 /* Emitter.swift in Sources */,
				C48EDC7C2EEA4036008DC7F6 /* MetalView.swift in Sources */,
				C48EDC742EEA3744008DC7F6 /* Particle.swift in Sources */,
				C48EDC7A2EEA37B8008DC7F6 /* ParticleSystem.swift in Sources */,
				C48EDC782EEA37B0008DC7F6 /* ParticleController.swift in Sources */,
				C48EDC3F2EEA3563008DC7F6 /* ParticleEditorApp.swift in Sources */,
				C48EDC7E2EEB4116008DC7F6 /* Renderer.swift in Sources */,
				C48EDC6E2EEA36A8008DC7F6 /* ParticleShaders.metal in Sources */,
			);
			runOnlyForDeploymentPostprocessing = 0;
		};
		C48EDC442EEA3564008DC7F6 /* Sources */ = {
			isa = PBXSourcesBuildPhase;
			buildActionMask = 2147483647;
			files = (
			);
			runOnlyForDeploymentPostprocessing = 0;
		};
		C48EDC4E2EEA3564008DC7F6 /* Sources */ = {
			isa = PBXSourcesBuildPhase;
			buildActionMask = 2147483647;
			files = (
			);
			runOnlyForDeploymentPostprocessing = 0;
		};
/* End PBXSourcesBuildPhase section */

/* Begin PBXTargetDependency section */
		C48EDC4A2EEA3564008DC7F6 /* PBXTargetDependency */ = {
			isa = PBXTargetDependency;
			target = C48EDC3A2EEA3563008DC7F6 /* ParticleEditor */;
			targetProxy = C48EDC492EEA3564008DC7F6 /* PBXContainerItemProxy */;
		};
		C48EDC542EEA3564008DC7F6 /* PBXTargetDependency */ = {
			isa = PBXTargetDependency;
			target = C48EDC3A2EEA3563008DC7F6 /* ParticleEditor */;
			targetProxy = C48EDC532EEA3564008DC7F6 /* PBXContainerItemProxy */;
		};
/* End PBXTargetDependency section */

/* Begin XCBuildConfiguration section */
		C48EDC5A2EEA3564008DC7F6 /* Debug */ = {
			isa = XCBuildConfiguration;
			buildSettings = {
				ALWAYS_SEARCH_USER_PATHS = NO;
				ASSETCATALOG_COMPILER_GENERATE_SWIFT_ASSET_SYMBOL_EXTENSIONS = YES;
				CLANG_ANALYZER_NONNULL = YES;
				CLANG_ANALYZER_NUMBER_OBJECT_CONVERSION = YES_AGGRESSIVE;
				CLANG_CXX_LANGUAGE_STANDARD = "gnu++20";
				CLANG_ENABLE_MODULES = YES;
				CLANG_ENABLE_OBJC_ARC = YES;
				CLANG_ENABLE_OBJC_WEAK = YES;
				CLANG_WARN_BLOCK_CAPTURE_AUTORELEASING = YES;
				CLANG_WARN_BOOL_CONVERSION = YES;
				CLANG_WARN_COMMA = YES;
				CLANG_WARN_CONSTANT_CONVERSION = YES;
				CLANG_WARN_DEPRECATED_OBJC_IMPLEMENTATIONS = YES;
				CLANG_WARN_DIRECT_OBJC_ISA_USAGE = YES_ERROR;
				CLANG_WARN_DOCUMENTATION_COMMENTS = YES;
				CLANG_WARN_EMPTY_BODY = YES;
				CLANG_WARN_ENUM_CONVERSION = YES;
				CLANG_WARN_INFINITE_RECURSION = YES;
				CLANG_WARN_INT_CONVERSION = YES;
				CLANG_WARN_NON_LITERAL_NULL_CONVERSION = YES;
				CLANG_WARN_OBJC_IMPLICIT_RETAIN_SELF = YES;
				CLANG_WARN_OBJC_LITERAL_CONVERSION = YES;
				CLANG_WARN_OBJC_ROOT_CLASS = YES_ERROR;
				CLANG_WARN_QUOTED_INCLUDE_IN_FRAMEWORK_HEADER = YES;
				CLANG_WARN_RANGE_LOOP_ANALYSIS = YES;
				CLANG_WARN_STRICT_PROTOTYPES = YES;
				CLANG_WARN_SUSPICIOUS_MOVE = YES;
				CLANG_WARN_UNGUARDED_AVAILABILITY = YES_AGGRESSIVE;
				CLANG_WARN_UNREACHABLE_CODE = YES;
				CLANG_WARN__DUPLICATE_METHOD_MATCH = YES;
				COPY_PHASE_STRIP = NO;
				DEBUG_INFORMATION_FORMAT = dwarf;
				DEVELOPMENT_TEAM = D77H469HEK;
				ENABLE_STRICT_OBJC_MSGSEND = YES;
				ENABLE_TESTABILITY = YES;
				ENABLE_USER_SCRIPT_SANDBOXING = YES;
				GCC_C_LANGUAGE_STANDARD = gnu17;
				GCC_DYNAMIC_NO_PIC = NO;
				GCC_NO_COMMON_BLOCKS = YES;
				GCC_OPTIMIZATION_LEVEL = 0;
				GCC_PREPROCESSOR_DEFINITIONS = (
					"DEBUG=1",
					"$(inherited)",
				);
				GCC_WARN_64_TO_32_BIT_CONVERSION = YES;
				GCC_WARN_ABOUT_RETURN_TYPE = YES_ERROR;
				GCC_WARN_UNDECLARED_SELECTOR = YES;
				GCC_WARN_UNINITIALIZED_AUTOS = YES_AGGRESSIVE;
				GCC_WARN_UNUSED_FUNCTION = YES;
				GCC_WARN_UNUSED_VARIABLE = YES;
				LOCALIZATION_PREFERS_STRING_CATALOGS = YES;
				MTL_ENABLE_DEBUG_INFO = INCLUDE_SOURCE;
				MTL_FAST_MATH = YES;
				ONLY_ACTIVE_ARCH = YES;
				SWIFT_ACTIVE_COMPILATION_CONDITIONS = "DEBUG $(inherited)";
				SWIFT_OPTIMIZATION_LEVEL = "-Onone";
			};
			name = Debug;
		};
		C48EDC5B2EEA3564008DC7F6 /* Release */ = {
			isa = XCBuildConfiguration;
			buildSettings = {
				ALWAYS_SEARCH_USER_PATHS = NO;
				ASSETCATALOG_COMPILER_GENERATE_SWIFT_ASSET_SYMBOL_EXTENSIONS = YES;
				CLANG_ANALYZER_NONNULL = YES;
				CLANG_ANALYZER_NUMBER_OBJECT_CONVERSION = YES_AGGRESSIVE;
				CLANG_CXX_LANGUAGE_STANDARD = "gnu++20";
				CLANG_ENABLE_MODULES = YES;
				CLANG_ENABLE_OBJC_ARC = YES;
				CLANG_ENABLE_OBJC_WEAK = YES;
				CLANG_WARN_BLOCK_CAPTURE_AUTORELEASING = YES;
				CLANG_WARN_BOOL_CONVERSION = YES;
				CLANG_WARN_COMMA = YES;
				CLANG_WARN_CONSTANT_CONVERSION = YES;
				CLANG_WARN_DEPRECATED_OBJC_IMPLEMENTATIONS = YES;
				CLANG_WARN_DIRECT_OBJC_ISA_USAGE = YES_ERROR;
				CLANG_WARN_DOCUMENTATION_COMMENTS = YES;
				CLANG_WARN_EMPTY_BODY = YES;
				CLANG_WARN_ENUM_CONVERSION = YES;
				CLANG_WARN_INFINITE_RECURSION = YES;
				CLANG_WARN_INT_CONVERSION = YES;
				CLANG_WARN_NON_LITERAL_NULL_CONVERSION = YES;
				CLANG_WARN_OBJC_IMPLICIT_RETAIN_SELF = YES;
				CLANG_WARN_OBJC_LITERAL_CONVERSION = YES;
				CLANG_WARN_OBJC_ROOT_CLASS = YES_ERROR;
				CLANG_WARN_QUOTED_INCLUDE_IN_FRAMEWORK_HEADER = YES;
				CLANG_WARN_RANGE_LOOP_ANALYSIS = YES;
				CLANG_WARN_STRICT_PROTOTYPES = YES;
				CLANG_WARN_SUSPICIOUS_MOVE = YES;
				CLANG_WARN_UNGUARDED_AVAILABILITY = YES_AGGRESSIVE;
				CLANG_WARN_UNREACHABLE_CODE = YES;
				CLANG_WARN__DUPLICATE_METHOD_MATCH = YES;
				COPY_PHASE_STRIP = NO;
				DEBUG_INFORMATION_FORMAT = "dwarf-with-dsym";
				DEVELOPMENT_TEAM = D77H469HEK;
				ENABLE_NS_ASSERTIONS = NO;
				ENABLE_STRICT_OBJC_MSGSEND = YES;
				ENABLE_USER_SCRIPT_SANDBOXING = YES;
				GCC_C_LANGUAGE_STANDARD = gnu17;
				GCC_NO_COMMON_BLOCKS = YES;
				GCC_WARN_64_TO_32_BIT_CONVERSION = YES;
				GCC_WARN_ABOUT_RETURN_TYPE = YES_ERROR;
				GCC_WARN_UNDECLARED_SELECTOR = YES;
				GCC_WARN_UNINITIALIZED_AUTOS = YES_AGGRESSIVE;
				GCC_WARN_UNUSED_FUNCTION = YES;
				GCC_WARN_UNUSED_VARIABLE = YES;
				LOCALIZATION_PREFERS_STRING_CATALOGS = YES;
				MTL_ENABLE_DEBUG_INFO = NO;
				MTL_FAST_MATH = YES;
				SWIFT_COMPILATION_MODE = wholemodule;
			};
			name = Release;
		};
		C48EDC5D2EEA3564008DC7F6 /* Debug */ = {
			isa = XCBuildConfiguration;
			buildSettings = {
				ASSETCATALOG_COMPILER_APPICON_NAME = AppIcon;
				ASSETCATALOG_COMPILER_GLOBAL_ACCENT_COLOR_NAME = AccentColor;
				CODE_SIGN_STYLE = Automatic;
				CURRENT_PROJECT_VERSION = 1;
				DEVELOPMENT_TEAM = D77H469HEK;
				ENABLE_APP_SANDBOX = YES;
				ENABLE_HARDENED_RUNTIME = YES;
				ENABLE_PREVIEWS = YES;
				ENABLE_USER_SELECTED_FILES = readonly;
				GENERATE_INFOPLIST_FILE = YES;
				"INFOPLIST_KEY_UIApplicationSceneManifest_Generation[sdk=iphoneos*]" = YES;
				"INFOPLIST_KEY_UIApplicationSceneManifest_Generation[sdk=iphonesimulator*]" = YES;
				"INFOPLIST_KEY_UIApplicationSupportsIndirectInputEvents[sdk=iphoneos*]" = YES;
				"INFOPLIST_KEY_UIApplicationSupportsIndirectInputEvents[sdk=iphonesimulator*]" = YES;
				"INFOPLIST_KEY_UILaunchScreen_Generation[sdk=iphoneos*]" = YES;
				"INFOPLIST_KEY_UILaunchScreen_Generation[sdk=iphonesimulator*]" = YES;
				"INFOPLIST_KEY_UIStatusBarStyle[sdk=iphoneos*]" = UIStatusBarStyleDefault;
				"INFOPLIST_KEY_UIStatusBarStyle[sdk=iphonesimulator*]" = UIStatusBarStyleDefault;
				INFOPLIST_KEY_UISupportedInterfaceOrientations_iPad = "UIInterfaceOrientationPortrait UIInterfaceOrientationPortraitUpsideDown UIInterfaceOrientationLandscapeLeft UIInterfaceOrientationLandscapeRight";
				INFOPLIST_KEY_UISupportedInterfaceOrientations_iPhone = "UIInterfaceOrientationPortrait UIInterfaceOrientationLandscapeLeft UIInterfaceOrientationLandscapeRight";
				IPHONEOS_DEPLOYMENT_TARGET = 26.1;
				LD_RUNPATH_SEARCH_PATHS = "@executable_path/Frameworks";
				"LD_RUNPATH_SEARCH_PATHS[sdk=macosx*]" = "@executable_path/../Frameworks";
				MACOSX_DEPLOYMENT_TARGET = 26.1;
				MARKETING_VERSION = 1.0;
				PRODUCT_BUNDLE_IDENTIFIER = bmm.ParticleEditor;
				PRODUCT_NAME = "$(TARGET_NAME)";
				REGISTER_APP_GROUPS = YES;
				SDKROOT = auto;
				STRING_CATALOG_GENERATE_SYMBOLS = YES;
				SUPPORTED_PLATFORMS = "iphoneos iphonesimulator macosx xros xrsimulator";
				SWIFT_APPROACHABLE_CONCURRENCY = YES;
				SWIFT_DEFAULT_ACTOR_ISOLATION = MainActor;
				SWIFT_EMIT_LOC_STRINGS = YES;
				SWIFT_UPCOMING_FEATURE_MEMBER_IMPORT_VISIBILITY = YES;
				SWIFT_VERSION = 5.0;
				TARGETED_DEVICE_FAMILY = "1,2,7";
				XROS_DEPLOYMENT_TARGET = 26.1;
			};
			name = Debug;
		};
		C48EDC5E2EEA3564008DC7F6 /* Release */ = {
			isa = XCBuildConfiguration;
			buildSettings = {
				ASSETCATALOG_COMPILER_APPICON_NAME = AppIcon;
				ASSETCATALOG_COMPILER_GLOBAL_ACCENT_COLOR_NAME = AccentColor;
				CODE_SIGN_STYLE = Automatic;
				CURRENT_PROJECT_VERSION = 1;
				DEVELOPMENT_TEAM = D77H469HEK;
				ENABLE_APP_SANDBOX = YES;
				ENABLE_HARDENED_RUNTIME = YES;
				ENABLE_PREVIEWS = YES;
				ENABLE_USER_SELECTED_FILES = readonly;
				GENERATE_INFOPLIST_FILE = YES;
				"INFOPLIST_KEY_UIApplicationSceneManifest_Generation[sdk=iphoneos*]" = YES;
				"INFOPLIST_KEY_UIApplicationSceneManifest_Generation[sdk=iphonesimulator*]" = YES;
				"INFOPLIST_KEY_UIApplicationSupportsIndirectInputEvents[sdk=iphoneos*]" = YES;
				"INFOPLIST_KEY_UIApplicationSupportsIndirectInputEvents[sdk=iphonesimulator*]" = YES;
				"INFOPLIST_KEY_UILaunchScreen_Generation[sdk=iphoneos*]" = YES;
				"INFOPLIST_KEY_UILaunchScreen_Generation[sdk=iphonesimulator*]" = YES;
				"INFOPLIST_KEY_UIStatusBarStyle[sdk=iphoneos*]" = UIStatusBarStyleDefault;
				"INFOPLIST_KEY_UIStatusBarStyle[sdk=iphonesimulator*]" = UIStatusBarStyleDefault;
				INFOPLIST_KEY_UISupportedInterfaceOrientations_iPad = "UIInterfaceOrientationPortrait UIInterfaceOrientationPortraitUpsideDown UIInterfaceOrientationLandscapeLeft UIInterfaceOrientationLandscapeRight";
				INFOPLIST_KEY_UISupportedInterfaceOrientations_iPhone = "UIInterfaceOrientationPortrait UIInterfaceOrientationLandscapeLeft UIInterfaceOrientationLandscapeRight";
				IPHONEOS_DEPLOYMENT_TARGET = 26.1;
				LD_RUNPATH_SEARCH_PATHS = "@executable_path/Frameworks";
				"LD_RUNPATH_SEARCH_PATHS[sdk=macosx*]" = "@executable_path/../Frameworks";
				MACOSX_DEPLOYMENT_TARGET = 26.1;
				MARKETING_VERSION = 1.0;
				PRODUCT_BUNDLE_IDENTIFIER = bmm.ParticleEditor;
				PRODUCT_NAME = "$(TARGET_NAME)";
				REGISTER_APP_GROUPS = YES;
				SDKROOT = auto;
				STRING_CATALOG_GENERATE_SYMBOLS = YES;
				SUPPORTED_PLATFORMS = "iphoneos iphonesimulator macosx xros xrsimulator";
				SWIFT_APPROACHABLE_CONCURRENCY = YES;
				SWIFT_DEFAULT_ACTOR_ISOLATION = MainActor;
				SWIFT_EMIT_LOC_STRINGS = YES;
				SWIFT_UPCOMING_FEATURE_MEMBER_IMPORT_VISIBILITY = YES;
				SWIFT_VERSION = 5.0;
				TARGETED_DEVICE_FAMILY = "1,2,7";
				XROS_DEPLOYMENT_TARGET = 26.1;
			};
			name = Release;
		};
		C48EDC602EEA3564008DC7F6 /* Debug */ = {
			isa = XCBuildConfiguration;
			buildSettings = {
				BUNDLE_LOADER = "$(TEST_HOST)";
				CODE_SIGN_STYLE = Automatic;
				CURRENT_PROJECT_VERSION = 1;
				DEVELOPMENT_TEAM = D77H469HEK;
				GENERATE_INFOPLIST_FILE = YES;
				IPHONEOS_DEPLOYMENT_TARGET = 26.1;
				MACOSX_DEPLOYMENT_TARGET = 26.1;
				MARKETING_VERSION = 1.0;
				PRODUCT_BUNDLE_IDENTIFIER = bmm.ParticleEditorTests;
				PRODUCT_NAME = "$(TARGET_NAME)";
				SDKROOT = auto;
				STRING_CATALOG_GENERATE_SYMBOLS = NO;
				SUPPORTED_PLATFORMS = "iphoneos iphonesimulator macosx xros xrsimulator";
				SWIFT_APPROACHABLE_CONCURRENCY = YES;
				SWIFT_EMIT_LOC_STRINGS = NO;
				SWIFT_UPCOMING_FEATURE_MEMBER_IMPORT_VISIBILITY = YES;
				SWIFT_VERSION = 5.0;
				TARGETED_DEVICE_FAMILY = "1,2,7";
				TEST_HOST = "$(BUILT_PRODUCTS_DIR)/ParticleEditor.app/$(BUNDLE_EXECUTABLE_FOLDER_PATH)/ParticleEditor";
				XROS_DEPLOYMENT_TARGET = 26.1;
			};
			name = Debug;
		};
		C48EDC612EEA3564008DC7F6 /* Release */ = {
			isa = XCBuildConfiguration;
			buildSettings = {
				BUNDLE_LOADER = "$(TEST_HOST)";
				CODE_SIGN_STYLE = Automatic;
				CURRENT_PROJECT_VERSION = 1;
				DEVELOPMENT_TEAM = D77H469HEK;
				GENERATE_INFOPLIST_FILE = YES;
				IPHONEOS_DEPLOYMENT_TARGET = 26.1;
				MACOSX_DEPLOYMENT_TARGET = 26.1;
				MARKETING_VERSION = 1.0;
				PRODUCT_BUNDLE_IDENTIFIER = bmm.ParticleEditorTests;
				PRODUCT_NAME = "$(TARGET_NAME)";
				SDKROOT = auto;
				STRING_CATALOG_GENERATE_SYMBOLS = NO;
				SUPPORTED_PLATFORMS = "iphoneos iphonesimulator macosx xros xrsimulator";
				SWIFT_APPROACHABLE_CONCURRENCY = YES;
				SWIFT_EMIT_LOC_STRINGS = NO;
				SWIFT_UPCOMING_FEATURE_MEMBER_IMPORT_VISIBILITY = YES;
				SWIFT_VERSION = 5.0;
				TARGETED_DEVICE_FAMILY = "1,2,7";
				TEST_HOST = "$(BUILT_PRODUCTS_DIR)/ParticleEditor.app/$(BUNDLE_EXECUTABLE_FOLDER_PATH)/ParticleEditor";
				XROS_DEPLOYMENT_TARGET = 26.1;
			};
			name = Release;
		};
		C48EDC632EEA3564008DC7F6 /* Debug */ = {
			isa = XCBuildConfiguration;
			buildSettings = {
				CODE_SIGN_STYLE = Automatic;
				CURRENT_PROJECT_VERSION = 1;
				DEVELOPMENT_TEAM = D77H469HEK;
				GENERATE_INFOPLIST_FILE = YES;
				IPHONEOS_DEPLOYMENT_TARGET = 26.1;
				MACOSX_DEPLOYMENT_TARGET = 26.1;
				MARKETING_VERSION = 1.0;
				PRODUCT_BUNDLE_IDENTIFIER = bmm.ParticleEditorUITests;
				PRODUCT_NAME = "$(TARGET_NAME)";
				SDKROOT = auto;
				STRING_CATALOG_GENERATE_SYMBOLS = NO;
				SUPPORTED_PLATFORMS = "iphoneos iphonesimulator macosx xros xrsimulator";
				SWIFT_APPROACHABLE_CONCURRENCY = YES;
				SWIFT_EMIT_LOC_STRINGS = NO;
				SWIFT_UPCOMING_FEATURE_MEMBER_IMPORT_VISIBILITY = YES;
				SWIFT_VERSION = 5.0;
				TARGETED_DEVICE_FAMILY = "1,2,7";
				TEST_TARGET_NAME = ParticleEditor;
				XROS_DEPLOYMENT_TARGET = 26.1;
			};
			name = Debug;
		};
		C48EDC642EEA3564008DC7F6 /* Release */ = {
			isa = XCBuildConfiguration;
			buildSettings = {
				CODE_SIGN_STYLE = Automatic;
				CURRENT_PROJECT_VERSION = 1;
				DEVELOPMENT_TEAM = D77H469HEK;
				GENERATE_INFOPLIST_FILE = YES;
				IPHONEOS_DEPLOYMENT_TARGET = 26.1;
				MACOSX_DEPLOYMENT_TARGET = 26.1;
				MARKETING_VERSION = 1.0;
				PRODUCT_BUNDLE_IDENTIFIER = bmm.ParticleEditorUITests;
				PRODUCT_NAME = "$(TARGET_NAME)";
				SDKROOT = auto;
				STRING_CATALOG_GENERATE_SYMBOLS = NO;
				SUPPORTED_PLATFORMS = "iphoneos iphonesimulator macosx xros xrsimulator";
				SWIFT_APPROACHABLE_CONCURRENCY = YES;
				SWIFT_EMIT_LOC_STRINGS = NO;
				SWIFT_UPCOMING_FEATURE_MEMBER_IMPORT_VISIBILITY = YES;
				SWIFT_VERSION = 5.0;
				TARGETED_DEVICE_FAMILY = "1,2,7";
				TEST_TARGET_NAME = ParticleEditor;
				XROS_DEPLOYMENT_TARGET = 26.1;
			};
			name = Release;
		};
/* End XCBuildConfiguration section */

/* Begin XCConfigurationList section */
		C48EDC362EEA3563008DC7F6 /* Build configuration list for PBXProject "ParticleEditor" */ = {
			isa = XCConfigurationList;
			buildConfigurations = (
				C48EDC5A2EEA3564008DC7F6 /* Debug */,
				C48EDC5B2EEA3564008DC7F6 /* Release */,
			);
			defaultConfigurationIsVisible = 0;
			defaultConfigurationName = Release;
		};
		C48EDC5C2EEA3564008DC7F6 /* Build configuration list for PBXNativeTarget "ParticleEditor" */ = {
			isa = XCConfigurationList;
			buildConfigurations = (
				C48EDC5D2EEA3564008DC7F6 /* Debug */,
				C48EDC5E2EEA3564008DC7F6 /* Release */,
			);
			defaultConfigurationIsVisible = 0;
			defaultConfigurationName = Release;
		};
		C48EDC5F2EEA3564008DC7F6 /* Build configuration list for PBXNativeTarget "ParticleEditorTests" */ = {
			isa = XCConfigurationList;
			buildConfigurations = (
				C48EDC602EEA3564008DC7F6 /* Debug */,
				C48EDC612EEA3564008DC7F6 /* Release */,
			);
			defaultConfigurationIsVisible = 0;
			defaultConfigurationName = Release;
		};
		C48EDC622EEA3564008DC7F6 /* Build configuration list for PBXNativeTarget "ParticleEditorUITests" */ = {
			isa = XCConfigurationList;
			buildConfigurations = (
				C48EDC632EEA3564008DC7F6 /* Debug */,
				C48EDC642EEA3564008DC7F6 /* Release */,
			);
			defaultConfigurationIsVisible = 0;
			defaultConfigurationName = Release;
		};
/* End XCConfigurationList section */
	};
	rootObject = C48EDC332EEA3563008DC7F6 /* Project object */;
}
